{
  "nodes": {
    "nixpkgs": {
      "locked": {
        "lastModified": 1634551044,
        "narHash": "sha256-HOHemrQt3wA7eS5YT8n+X0OdB9+X4O08YUPTrFMBG60=",
        "owner": "nixos",
        "repo": "nixpkgs",
        "rev": "f001876680c0e32a89bced8d02d2c61250684e17",
        "type": "github"
      },
      "original": {
        "owner": "nixos",
        "ref": "nixos-21.05",
        "repo": "nixpkgs",
        "type": "github"
      }
    },
    "nixpkgs_2": {
      "locked": {
        "lastModified": 1632418649,
        "narHash": "sha256-4rZspkiQU7zbsuciRRMgoEPkAF/+FSv2jx/VIPxPVx4=",
        "owner": "NixOS",
        "repo": "nixpkgs",
        "rev": "056a3c1fae30d06d14b171b9023743c21a23ec1a",
        "type": "github"
      },
      "original": {
        "owner": "NixOS",
        "ref": "nixos-21.05",
        "repo": "nixpkgs",
        "type": "github"
      }
    },
    "rgrunbla-pkgs": {
      "inputs": {
        "nixpkgs": "nixpkgs_2"
      },
      "locked": {
        "lastModified": 1633509638,
        "narHash": "sha256-P0H99wMME3FfY2oVxKc1SfhnbVLYzhlI0b7/uL9Fkog=",
        "owner": "rgrunbla",
        "repo": "Flakes",
        "rev": "2761fd6f4a12546daa72a5db93554494468af3a6",
        "type": "github"
      },
      "original": {
        "owner": "rgrunbla",
        "repo": "Flakes",
        "type": "github"
      }
    },
    "root": {
      "inputs": {
        "nixpkgs": "nixpkgs",
        "rgrunbla-pkgs": "rgrunbla-pkgs"
      }
    }
  },
  "root": "root",
  "version": 7
}
