{
  "nodes": {
    "nixpkgs": {
      "locked": {
        "lastModified": 1637316267,
        "narHash": "sha256-hfAA/0W3tycKKOSwP7Xt6FXLG9h/FgCu45wdGubHtV0=",
        "owner": "nixos",
        "repo": "nixpkgs",
        "rev": "24528474d2b3370f2f23879a557ae2cc92a5d50b",
        "type": "github"
      },
      "original": {
        "owner": "nixos",
        "ref": "nixos-21.05",
        "repo": "nixpkgs",
        "type": "github"
      }
    },
    "nixpkgs_2": {
      "locked": {
        "lastModified": 1636976544,
        "narHash": "sha256-9ZmdyoRz4Qu8bP5BKR1T10YbzcB9nvCeQjOEw2cRKR0=",
        "owner": "NixOS",
        "repo": "nixpkgs",
        "rev": "931ab058daa7e4cd539533963f95e2bb0dbd41e6",
        "type": "github"
      },
      "original": {
        "owner": "NixOS",
        "ref": "nixos-unstable",
        "repo": "nixpkgs",
        "type": "github"
      }
    },
    "rgrunbla-pkgs": {
      "inputs": {
        "nixpkgs": "nixpkgs_2"
      },
      "locked": {
        "lastModified": 1637328723,
        "narHash": "sha256-sq/cI8pVkCwib/BCDgxg54nt442MrG3kv9W5W+3oiNo=",
        "owner": "rgrunbla",
        "repo": "Flakes",
        "rev": "cb94b430b1f9bc740c620d2e994e1a899305c138",
        "type": "github"
      },
      "original": {
        "owner": "rgrunbla",
        "repo": "Flakes",
        "type": "github"
      }
    },
    "root": {
      "inputs": {
        "nixpkgs": "nixpkgs",
        "rgrunbla-pkgs": "rgrunbla-pkgs"
      }
    }
  },
  "root": "root",
  "version": 7
}
