{
  "nodes": {
    "nixpkgs": {
      "locked": {
        "lastModified": 1627361463,
        "narHash": "sha256-AqEOhF60+dAZWer6FR4n6QG3CSVn4sgbb7GOdJCVo9g=",
        "owner": "nixos",
        "repo": "nixpkgs",
        "rev": "82151321eeaef290b8345803e0b217a261b7c4e1",
        "type": "github"
      },
      "original": {
        "owner": "nixos",
        "ref": "nixos-21.05",
        "repo": "nixpkgs",
        "type": "github"
      }
    },
    "root": {
      "inputs": {
        "nixpkgs": "nixpkgs"
      }
    }
  },
  "root": "root",
  "version": 7
}
